
Microsoft Visual Studio Solution File, Format Version 12.00
# Visual Studio Version 17
VisualStudioVersion = 17.1.32228.430
MinimumVisualStudioVersion = 10.0.40219.1
Project("{9A19103F-16F7-4668-BE54-9A1E7A4F7556}") = "MacAPI", "MacAPI\MacAPI.csproj", "{C3C9EFDC-2819-4126-B6FE-846011DE5278}"
EndProject
Project("{FAE04EC0-301F-11D3-BF4B-00C04F79EFBC}") = "WinFormsAppTest", "WinFormsAppTest\WinFormsAppTest.csproj", "{116C6669-4FAA-43D0-BC9B-D82656F352D0}"
EndProject
Global
	GlobalSection(SolutionConfigurationPlatforms) = preSolution
		Debug|Any CPU = Debug|Any CPU
		Release|Any CPU = Release|Any CPU
	EndGlobalSection
	GlobalSection(ProjectConfigurationPlatforms) = postSolution
		{C3C9EFDC-2819-4126-B6FE-846011DE5278}.Debug|Any CPU.ActiveCfg = Debug|Any CPU
		{C3C9EFDC-2819-4126-B6FE-846011DE5278}.Debug|Any CPU.Build.0 = Debug|Any CPU
		{C3C9EFDC-2819-4126-B6FE-846011DE5278}.Release|Any CPU.ActiveCfg = Release|Any CPU
		{C3C9EFDC-2819-4126-B6FE-846011DE5278}.Release|Any CPU.Build.0 = Release|Any CPU
		{116C6669-4FAA-43D0-BC9B-D82656F352D0}.Debug|Any CPU.ActiveCfg = Debug|Any CPU
		{116C6669-4FAA-43D0-BC9B-D82656F352D0}.Debug|Any CPU.Build.0 = Debug|Any CPU
		{116C6669-4FAA-43D0-BC9B-D82656F352D0}.Release|Any CPU.ActiveCfg = Release|Any CPU
		{116C6669-4FAA-43D0-BC9B-D82656F352D0}.Release|Any CPU.Build.0 = Release|Any CPU
	EndGlobalSection
	GlobalSection(SolutionProperties) = preSolution
		HideSolutionNode = FALSE
	EndGlobalSection
	GlobalSection(ExtensibilityGlobals) = postSolution
		SolutionGuid = {9B41952D-B00E-45CF-AEF7-3A18B3DC1373}
	EndGlobalSection
EndGlobal
